#
# This file is autogenerated by pip-compile with Python 3.10
# by the following command:
#
#    pip-compile --output-file=requirements.lock requirements.in
#
aiosqlite==0.22.1
    # via -r requirements.in
annotated-doc==0.0.4
    # via fastapi
annotated-types==0.7.0
    # via pydantic
anthropic==0.83.0
    # via -r requirements.in
anyio==4.12.1
    # via
    #   anthropic
    #   httpx
    #   openai
    #   starlette
    #   watchfiles
apscheduler==3.11.2
    # via -r requirements.in
async-timeout==5.0.1
    # via redis
bcrypt==4.3.0
    # via -r requirements.in
beautifulsoup4==4.14.3
    # via
    #   -r requirements.in
    #   yfinance
certifi==2026.1.4
    # via
    #   curl-cffi
    #   httpcore
    #   httpx
    #   requests
cffi==2.0.0
    # via curl-cffi
charset-normalizer==3.4.4
    # via requests
click==8.3.1
    # via
    #   uvicorn
    #   vanna
colorama==0.4.6
    # via
    #   click
    #   tqdm
    #   uvicorn
curl-cffi==0.13.0
    # via yfinance
distro==1.9.0
    # via
    #   anthropic
    #   openai
dnspython==2.8.0
    # via email-validator
docstring-parser==0.17.0
    # via anthropic
email-validator==2.3.0
    # via pydantic
exceptiongroup==1.3.1
    # via anyio
fastapi==0.133.0
    # via
    #   -r requirements.in
    #   prometheus-fastapi-instrumentator
frozendict==2.4.7
    # via yfinance
greenlet==3.3.2
    # via sqlalchemy
h11==0.16.0
    # via
    #   httpcore
    #   uvicorn
httpcore==1.0.9
    # via httpx
httptools==0.7.1
    # via uvicorn
httpx==0.28.1
    # via
    #   anthropic
    #   openai
    #   vanna
idna==3.11
    # via
    #   anyio
    #   email-validator
    #   httpx
    #   requests
jiter==0.13.0
    # via
    #   anthropic
    #   openai
lxml==6.0.2
    # via -r requirements.in
msgpack==1.1.2
    # via -r requirements.in
multitasking==0.0.12
    # via yfinance
narwhals==2.17.0
    # via plotly
numpy==2.2.6
    # via
    #   -r requirements.in
    #   pandas
    #   yfinance
openai==2.24.0
    # via -r requirements.in
packaging==26.0
    # via plotly
pandas==2.3.3
    # via
    #   -r requirements.in
    #   vanna
    #   yfinance
peewee==4.0.0
    # via yfinance
platformdirs==4.9.2
    # via yfinance
plotly==6.5.2
    # via
    #   -r requirements.in
    #   vanna
prometheus-client==0.8.0
    # via prometheus-fastapi-instrumentator
prometheus-fastapi-instrumentator==2.0.1
    # via -r requirements.in
protobuf==6.33.5
    # via yfinance
psycopg2-binary==2.9.11
    # via -r requirements.in
pycparser==3.0
    # via cffi
pydantic[email]==2.12.5
    # via
    #   -r requirements.in
    #   anthropic
    #   fastapi
    #   openai
    #   pydantic-settings
    #   vanna
pydantic-core==2.41.5
    # via pydantic
pydantic-settings==2.13.1
    # via -r requirements.in
pyjwt==2.11.0
    # via -r requirements.in
python-dateutil==2.9.0.post0
    # via pandas
python-dotenv==1.2.1
    # via
    #   -r requirements.in
    #   pydantic-settings
    #   uvicorn
pytz==2025.2
    # via
    #   pandas
    #   yfinance
pyyaml==6.0.3
    # via
    #   uvicorn
    #   vanna
redis==7.2.0
    # via -r requirements.in
requests==2.32.5
    # via
    #   -r requirements.in
    #   vanna
    #   yfinance
six==1.17.0
    # via python-dateutil
sniffio==1.3.1
    # via
    #   anthropic
    #   openai
soupsieve==2.8.3
    # via beautifulsoup4
sqlalchemy[asyncio]==2.0.47
    # via
    #   -r requirements.in
    #   vanna
sqlparse==0.5.5
    # via
    #   -r requirements.in
    #   vanna
starlette==0.52.1
    # via fastapi
tabulate==0.9.0
    # via vanna
tqdm==4.67.3
    # via openai
typing-extensions==4.15.0
    # via
    #   anthropic
    #   anyio
    #   beautifulsoup4
    #   exceptiongroup
    #   fastapi
    #   openai
    #   pydantic
    #   pydantic-core
    #   sqlalchemy
    #   starlette
    #   typing-inspection
    #   uvicorn
typing-inspection==0.4.2
    # via
    #   fastapi
    #   pydantic
    #   pydantic-settings
tzdata==2025.3
    # via
    #   pandas
    #   tzlocal
tzlocal==5.3.1
    # via apscheduler
urllib3==2.6.3
    # via requests
uvicorn[standard]==0.41.0
    # via -r requirements.in
vanna==2.0.2
    # via -r requirements.in
watchfiles==1.1.1
    # via uvicorn
websockets==16.0
    # via
    #   uvicorn
    #   yfinance
yfinance==1.2.0
    # via -r requirements.in
